# @generated by Move, please check-in and do not edit manually.

[move]
version = 3
manifest_digest = "AC7F3742D467FCF080E42D9991B26D2DB4A2E3F4EFCAD28C9976D36D7FEC1906"
deps_digest = "F8BBB0CCB2491CA29A3DF03D6F92277A4F3574266507ACD77214D37ECA3F3082"
dependencies = [
  { id = "Sui", name = "Sui" },
]

[[move.package]]
id = "MoveStdlib"
source = { git = "https://github.com/MystenLabs/sui.git", rev = "framework/testnet", subdir = "crates/sui-framework/packages/move-stdlib" }

[[move.package]]
id = "Sui"
source = { git = "https://github.com/MystenLabs/sui.git", rev = "framework/testnet", subdir = "crates/sui-framework/packages/sui-framework" }

dependencies = [
  { id = "MoveStdlib", name = "MoveStdlib" },
]

[move.toolchain-version]
compiler-version = "1.36.2"
edition = "2024.beta"
flavor = "sui"

[env]

[env.test]
chain-id = "4c78adac"
original-published-id = "0x79e972d497be7e3e4571693f428dcb1d49bd576c99f32dbe992c35284a83a7bf"
latest-published-id = "0x79e972d497be7e3e4571693f428dcb1d49bd576c99f32dbe992c35284a83a7bf"
published-version = "1"
