# @generated by Move, please check-in and do not edit manually.

[move]
version = 3
manifest_digest = "AC7F3742D467FCF080E42D9991B26D2DB4A2E3F4EFCAD28C9976D36D7FEC1906"
deps_digest = "F8BBB0CCB2491CA29A3DF03D6F92277A4F3574266507ACD77214D37ECA3F3082"
dependencies = [
  { id = "Sui", name = "Sui" },
]

[[move.package]]
id = "MoveStdlib"
source = { git = "https://github.com/MystenLabs/sui.git", rev = "framework/testnet", subdir = "crates/sui-framework/packages/move-stdlib" }

[[move.package]]
id = "Sui"
source = { git = "https://github.com/MystenLabs/sui.git", rev = "framework/testnet", subdir = "crates/sui-framework/packages/sui-framework" }

dependencies = [
  { id = "MoveStdlib", name = "MoveStdlib" },
]

[move.toolchain-version]
compiler-version = "1.36.2"
edition = "2024.beta"
flavor = "sui"

[env]

[env.test]
chain-id = "4c78adac"
original-published-id = "0x1b522159c4ba6512f2580b5b7dc3f209a051b630db4a1dbc06ac85ea9e5efbe0"
latest-published-id = "0x1b522159c4ba6512f2580b5b7dc3f209a051b630db4a1dbc06ac85ea9e5efbe0"
published-version = "1"

[env.custom]
chain-id = "35834a8a"
original-published-id = "0x5bfb78e81a151651ea62a7b7e2e684446cecba4893faafe73b59668f9ded66d0"
latest-published-id = "0x5bfb78e81a151651ea62a7b7e2e684446cecba4893faafe73b59668f9ded66d0"
published-version = "1"
