# @generated by Move, please check-in and do not edit manually.

[move]
version = 3
manifest_digest = "3AADA2D3DC22F340F35C14664134AD11E33E347287F59A7C6266560140B99979"
deps_digest = "3C4103934B1E040BB6B23F1D610B4EF9F2F1166A50A104EADCF77467C004C600"
dependencies = [
  { id = "Sui", name = "Sui" },
  { id = "tbtoken", name = "tbtoken" },
]

[[move.package]]
id = "MoveStdlib"
source = { git = "https://github.com/MystenLabs/sui.git", rev = "framework/testnet", subdir = "crates/sui-framework/packages/move-stdlib" }

[[move.package]]
id = "Sui"
source = { git = "https://github.com/MystenLabs/sui.git", rev = "framework/testnet", subdir = "crates/sui-framework/packages/sui-framework" }

dependencies = [
  { id = "MoveStdlib", name = "MoveStdlib" },
]

[[move.package]]
id = "tbtoken"
source = { local = "../tbtoken" }

dependencies = [
  { id = "Sui", name = "Sui" },
]

[move.toolchain-version]
compiler-version = "1.36.2"
edition = "2024.beta"
flavor = "sui"

[env]

[env.test]
chain-id = "4c78adac"
original-published-id = "0xbd7d14be41cc7ab4d257c12944e039b3b940234257499b12cd76daa4414b4be8"
latest-published-id = "0xbd7d14be41cc7ab4d257c12944e039b3b940234257499b12cd76daa4414b4be8"
published-version = "1"
